
Microsoft Visual Studio Solution File, Format Version 12.00
# Visual Studio 2013
VisualStudioVersion = 12.0.21005.1
MinimumVisualStudioVersion = 10.0.40219.1
Project("{FAE04EC0-301F-11D3-BF4B-00C04F79EFBC}") = "ChunkedStreamClient", "ChunkedStreamClient\ChunkedStreamClient.csproj", "{8284DACF-88BB-476B-A171-5867A4EC00B2}"
EndProject
Project("{FAE04EC0-301F-11D3-BF4B-00C04F79EFBC}") = "ChunkedStreamServer", "ChunkedStreamServer\ChunkedStreamServer.csproj", "{2469E5E2-81B1-4FC2-A3AE-F31F1355E500}"
EndProject
Global
	GlobalSection(SolutionConfigurationPlatforms) = preSolution
		Debug|Any CPU = Debug|Any CPU
		Release|Any CPU = Release|Any CPU
	EndGlobalSection
	GlobalSection(ProjectConfigurationPlatforms) = postSolution
		{8284DACF-88BB-476B-A171-5867A4EC00B2}.Debug|Any CPU.ActiveCfg = Debug|Any CPU
		{8284DACF-88BB-476B-A171-5867A4EC00B2}.Debug|Any CPU.Build.0 = Debug|Any CPU
		{8284DACF-88BB-476B-A171-5867A4EC00B2}.Release|Any CPU.ActiveCfg = Release|Any CPU
		{8284DACF-88BB-476B-A171-5867A4EC00B2}.Release|Any CPU.Build.0 = Release|Any CPU
		{2469E5E2-81B1-4FC2-A3AE-F31F1355E500}.Debug|Any CPU.ActiveCfg = Debug|Any CPU
		{2469E5E2-81B1-4FC2-A3AE-F31F1355E500}.Debug|Any CPU.Build.0 = Debug|Any CPU
		{2469E5E2-81B1-4FC2-A3AE-F31F1355E500}.Release|Any CPU.ActiveCfg = Release|Any CPU
		{2469E5E2-81B1-4FC2-A3AE-F31F1355E500}.Release|Any CPU.Build.0 = Release|Any CPU
	EndGlobalSection
	GlobalSection(SolutionProperties) = preSolution
		HideSolutionNode = FALSE
	EndGlobalSection
EndGlobal
